
Microsoft Visual Studio Solution File, Format Version 12.00
# Visual Studio 2013
VisualStudioVersion = 12.0.21005.1
MinimumVisualStudioVersion = 10.0.40219.1
Project("{FAE04EC0-301F-11D3-BF4B-00C04F79EFBC}") = "simple-scheduling-cio", "simple-scheduling-cio\simple-scheduling-cio.csproj", "{8D9263C7-14DD-4257-B6F4-7D0C5797B1FB}"
EndProject
Project("{FAE04EC0-301F-11D3-BF4B-00C04F79EFBC}") = "simple-scheduling-cio.Tests", "simple-scheduling-cio.Tests\simple-scheduling-cio.Tests.csproj", "{D87CEBA1-106B-4FDA-9FD6-E54C51276304}"
EndProject
Global
	GlobalSection(SolutionConfigurationPlatforms) = preSolution
		Debug|Any CPU = Debug|Any CPU
		Release|Any CPU = Release|Any CPU
	EndGlobalSection
	GlobalSection(ProjectConfigurationPlatforms) = postSolution
		{8D9263C7-14DD-4257-B6F4-7D0C5797B1FB}.Debug|Any CPU.ActiveCfg = Debug|Any CPU
		{8D9263C7-14DD-4257-B6F4-7D0C5797B1FB}.Debug|Any CPU.Build.0 = Debug|Any CPU
		{8D9263C7-14DD-4257-B6F4-7D0C5797B1FB}.Release|Any CPU.ActiveCfg = Release|Any CPU
		{8D9263C7-14DD-4257-B6F4-7D0C5797B1FB}.Release|Any CPU.Build.0 = Release|Any CPU
		{D87CEBA1-106B-4FDA-9FD6-E54C51276304}.Debug|Any CPU.ActiveCfg = Debug|Any CPU
		{D87CEBA1-106B-4FDA-9FD6-E54C51276304}.Debug|Any CPU.Build.0 = Debug|Any CPU
		{D87CEBA1-106B-4FDA-9FD6-E54C51276304}.Release|Any CPU.ActiveCfg = Release|Any CPU
		{D87CEBA1-106B-4FDA-9FD6-E54C51276304}.Release|Any CPU.Build.0 = Release|Any CPU
	EndGlobalSection
	GlobalSection(SolutionProperties) = preSolution
		HideSolutionNode = FALSE
	EndGlobalSection
EndGlobal
